// !$*UTF8*$!
{
	archiveVersion = 1;
	classes = {
	};
	objectVersion = 56;
	objects = {

/* Begin PBXBuildFile section */
		BD7C02E92A690B4C0082A49C /* AbstractOperater.swift in Sources */ = {isa = PBXBuildFile; fileRef = BD7C02E82A690B4C0082A49C /* AbstractOperater.swift */; };
		BDF2646D2A67728E004CF995 /* main.swift in Sources */ = {isa = PBXBuildFile; fileRef = BDF2646C2A67728E004CF995 /* main.swift */; };
		BDF264742A677314004CF995 /* Calculator.swift in Sources */ = {isa = PBXBuildFile; fileRef = BDF264732A677314004CF995 /* Calculator.swift */; };
		BDF264762A6783BC004CF995 /* AddOperator.swift in Sources */ = {isa = PBXBuildFile; fileRef = BDF264752A6783BC004CF995 /* AddOperator.swift */; };
		BDF264782A6783D5004CF995 /* SubtractOperator.swift in Sources */ = {isa = PBXBuildFile; fileRef = BDF264772A6783D5004CF995 /* SubtractOperator.swift */; };
		BDF2647A2A6783FB004CF995 /* MultiplicationOperator.swift in Sources */ = {isa = PBXBuildFile; fileRef = BDF264792A6783FB004CF995 /* MultiplicationOperator.swift */; };
		BDF2647C2A678418004CF995 /* DivisionOperator.swift in Sources */ = {isa = PBXBuildFile; fileRef = BDF2647B2A678418004CF995 /* DivisionOperator.swift */; };
/* End PBXBuildFile section */

/* Begin PBXCopyFilesBuildPhase section */
		BDF264672A67728E004CF995 /* CopyFiles */ = {
			isa = PBXCopyFilesBuildPhase;
			buildActionMask = 2147483647;
			dstPath = /usr/share/man/man1/;
			dstSubfolderSpec = 0;
			files = (
			);
			runOnlyForDeploymentPostprocessing = 1;
		};
/* End PBXCopyFilesBuildPhase section */

/* Begin PBXFileReference section */
		BD7C02E82A690B4C0082A49C /* AbstractOperater.swift */ = {isa = PBXFileReference; lastKnownFileType = sourcecode.swift; path = AbstractOperater.swift; sourceTree = "<group>"; };
		BDF264692A67728E004CF995 /* Spartan_Calculator */ = {isa = PBXFileReference; explicitFileType = "compiled.mach-o.executable"; includeInIndex = 0; path = Spartan_Calculator; sourceTree = BUILT_PRODUCTS_DIR; };
		BDF2646C2A67728E004CF995 /* main.swift */ = {isa = PBXFileReference; lastKnownFileType = sourcecode.swift; path = main.swift; sourceTree = "<group>"; };
		BDF264732A677314004CF995 /* Calculator.swift */ = {isa = PBXFileReference; lastKnownFileType = sourcecode.swift; path = Calculator.swift; sourceTree = "<group>"; };
		BDF264752A6783BC004CF995 /* AddOperator.swift */ = {isa = PBXFileReference; lastKnownFileType = sourcecode.swift; path = AddOperator.swift; sourceTree = "<group>"; };
		BDF264772A6783D5004CF995 /* SubtractOperator.swift */ = {isa = PBXFileReference; lastKnownFileType = sourcecode.swift; path = SubtractOperator.swift; sourceTree = "<group>"; };
		BDF264792A6783FB004CF995 /* MultiplicationOperator.swift */ = {isa = PBXFileReference; lastKnownFileType = sourcecode.swift; path = MultiplicationOperator.swift; sourceTree = "<group>"; };
		BDF2647B2A678418004CF995 /* DivisionOperator.swift */ = {isa = PBXFileReference; lastKnownFileType = sourcecode.swift; path = DivisionOperator.swift; sourceTree = "<group>"; };
/* End PBXFileReference section */

/* Begin PBXFrameworksBuildPhase section */
		BDF264662A67728E004CF995 /* Frameworks */ = {
			isa = PBXFrameworksBuildPhase;
			buildActionMask = 2147483647;
			files = (
			);
			runOnlyForDeploymentPostprocessing = 0;
		};
/* End PBXFrameworksBuildPhase section */

/* Begin PBXGroup section */
		BDF264602A67728E004CF995 = {
			isa = PBXGroup;
			children = (
				BDF2646B2A67728E004CF995 /* Spartan_Calculator */,
				BDF2646A2A67728E004CF995 /* Products */,
			);
			sourceTree = "<group>";
		};
		BDF2646A2A67728E004CF995 /* Products */ = {
			isa = PBXGroup;
			children = (
				BDF264692A67728E004CF995 /* Spartan_Calculator */,
			);
			name = Products;
			sourceTree = "<group>";
		};
		BDF2646B2A67728E004CF995 /* Spartan_Calculator */ = {
			isa = PBXGroup;
			children = (
				BDF2646C2A67728E004CF995 /* main.swift */,
				BDF264732A677314004CF995 /* Calculator.swift */,
				BD7C02E82A690B4C0082A49C /* AbstractOperater.swift */,
				BDF264752A6783BC004CF995 /* AddOperator.swift */,
				BDF264772A6783D5004CF995 /* SubtractOperator.swift */,
				BDF264792A6783FB004CF995 /* MultiplicationOperator.swift */,
				BDF2647B2A678418004CF995 /* DivisionOperator.swift */,
			);
			path = Spartan_Calculator;
			sourceTree = "<group>";
		};
/* End PBXGroup section */

/* Begin PBXNativeTarget section */
		BDF264682A67728E004CF995 /* Spartan_Calculator */ = {
			isa = PBXNativeTarget;
			buildConfigurationList = BDF264702A67728E004CF995 /* Build configuration list for PBXNativeTarget "Spartan_Calculator" */;
			buildPhases = (
				BDF264652A67728E004CF995 /* Sources */,
				BDF264662A67728E004CF995 /* Frameworks */,
				BDF264672A67728E004CF995 /* CopyFiles */,
			);
			buildRules = (
			);
			dependencies = (
			);
			name = Spartan_Calculator;
			productName = Spartan_Calculator;
			productReference = BDF264692A67728E004CF995 /* Spartan_Calculator */;
			productType = "com.apple.product-type.tool";
		};
/* End PBXNativeTarget section */

/* Begin PBXProject section */
		BDF264612A67728E004CF995 /* Project object */ = {
			isa = PBXProject;
			attributes = {
				BuildIndependentTargetsInParallel = 1;
				LastSwiftUpdateCheck = 1430;
				LastUpgradeCheck = 1430;
				TargetAttributes = {
					BDF264682A67728E004CF995 = {
						CreatedOnToolsVersion = 14.3;
					};
				};
			};
			buildConfigurationList = BDF264642A67728E004CF995 /* Build configuration list for PBXProject "Spartan_Calculator" */;
			compatibilityVersion = "Xcode 14.0";
			developmentRegion = en;
			hasScannedForEncodings = 0;
			knownRegions = (
				en,
				Base,
			);
			mainGroup = BDF264602A67728E004CF995;
			productRefGroup = BDF2646A2A67728E004CF995 /* Products */;
			projectDirPath = "";
			projectRoot = "";
			targets = (
				BDF264682A67728E004CF995 /* Spartan_Calculator */,
			);
		};
/* End PBXProject section */

/* Begin PBXSourcesBuildPhase section */
		BDF264652A67728E004CF995 /* Sources */ = {
			isa = PBXSourcesBuildPhase;
			buildActionMask = 2147483647;
			files = (
				BD7C02E92A690B4C0082A49C /* AbstractOperater.swift in Sources */,
				BDF2647C2A678418004CF995 /* DivisionOperator.swift in Sources */,
				BDF2646D2A67728E004CF995 /* main.swift in Sources */,
				BDF264782A6783D5004CF995 /* SubtractOperator.swift in Sources */,
				BDF2647A2A6783FB004CF995 /* MultiplicationOperator.swift in Sources */,
				BDF264762A6783BC004CF995 /* AddOperator.swift in Sources */,
				BDF264742A677314004CF995 /* Calculator.swift in Sources */,
			);
			runOnlyForDeploymentPostprocessing = 0;
		};
/* End PBXSourcesBuildPhase section */

/* Begin XCBuildConfiguration section */
		BDF2646E2A67728E004CF995 /* Debug */ = {
			isa = XCBuildConfiguration;
			buildSettings = {
				ALWAYS_SEARCH_USER_PATHS = NO;
				CLANG_ANALYZER_NONNULL = YES;
				CLANG_ANALYZER_NUMBER_OBJECT_CONVERSION = YES_AGGRESSIVE;
				CLANG_CXX_LANGUAGE_STANDARD = "gnu++20";
				CLANG_ENABLE_MODULES = YES;
				CLANG_ENABLE_OBJC_ARC = YES;
				CLANG_ENABLE_OBJC_WEAK = YES;
				CLANG_WARN_BLOCK_CAPTURE_AUTORELEASING = YES;
				CLANG_WARN_BOOL_CONVERSION = YES;
				CLANG_WARN_COMMA = YES;
				CLANG_WARN_CONSTANT_CONVERSION = YES;
				CLANG_WARN_DEPRECATED_OBJC_IMPLEMENTATIONS = YES;
				CLANG_WARN_DIRECT_OBJC_ISA_USAGE = YES_ERROR;
				CLANG_WARN_DOCUMENTATION_COMMENTS = YES;
				CLANG_WARN_EMPTY_BODY = YES;
				CLANG_WARN_ENUM_CONVERSION = YES;
				CLANG_WARN_INFINITE_RECURSION = YES;
				CLANG_WARN_INT_CONVERSION = YES;
				CLANG_WARN_NON_LITERAL_NULL_CONVERSION = YES;
				CLANG_WARN_OBJC_IMPLICIT_RETAIN_SELF = YES;
				CLANG_WARN_OBJC_LITERAL_CONVERSION = YES;
				CLANG_WARN_OBJC_ROOT_CLASS = YES_ERROR;
				CLANG_WARN_QUOTED_INCLUDE_IN_FRAMEWORK_HEADER = YES;
				CLANG_WARN_RANGE_LOOP_ANALYSIS = YES;
				CLANG_WARN_STRICT_PROTOTYPES = YES;
				CLANG_WARN_SUSPICIOUS_MOVE = YES;
				CLANG_WARN_UNGUARDED_AVAILABILITY = YES_AGGRESSIVE;
				CLANG_WARN_UNREACHABLE_CODE = YES;
				CLANG_WARN__DUPLICATE_METHOD_MATCH = YES;
				COPY_PHASE_STRIP = NO;
				DEBUG_INFORMATION_FORMAT = dwarf;
				ENABLE_STRICT_OBJC_MSGSEND = YES;
				ENABLE_TESTABILITY = YES;
				GCC_C_LANGUAGE_STANDARD = gnu11;
				GCC_DYNAMIC_NO_PIC = NO;
				GCC_NO_COMMON_BLOCKS = YES;
				GCC_OPTIMIZATION_LEVEL = 0;
				GCC_PREPROCESSOR_DEFINITIONS = (
					"DEBUG=1",
					"$(inherited)",
				);
				GCC_WARN_64_TO_32_BIT_CONVERSION = YES;
				GCC_WARN_ABOUT_RETURN_TYPE = YES_ERROR;
				GCC_WARN_UNDECLARED_SELECTOR = YES;
				GCC_WARN_UNINITIALIZED_AUTOS = YES_AGGRESSIVE;
				GCC_WARN_UNUSED_FUNCTION = YES;
				GCC_WARN_UNUSED_VARIABLE = YES;
				MACOSX_DEPLOYMENT_TARGET = 13.3;
				MTL_ENABLE_DEBUG_INFO = INCLUDE_SOURCE;
				MTL_FAST_MATH = YES;
				ONLY_ACTIVE_ARCH = YES;
				SDKROOT = macosx;
				SWIFT_ACTIVE_COMPILATION_CONDITIONS = DEBUG;
				SWIFT_OPTIMIZATION_LEVEL = "-Onone";
			};
			name = Debug;
		};
		BDF2646F2A67728E004CF995 /* Release */ = {
			isa = XCBuildConfiguration;
			buildSettings = {
				ALWAYS_SEARCH_USER_PATHS = NO;
				CLANG_ANALYZER_NONNULL = YES;
				CLANG_ANALYZER_NUMBER_OBJECT_CONVERSION = YES_AGGRESSIVE;
				CLANG_CXX_LANGUAGE_STANDARD = "gnu++20";
				CLANG_ENABLE_MODULES = YES;
				CLANG_ENABLE_OBJC_ARC = YES;
				CLANG_ENABLE_OBJC_WEAK = YES;
				CLANG_WARN_BLOCK_CAPTURE_AUTORELEASING = YES;
				CLANG_WARN_BOOL_CONVERSION = YES;
				CLANG_WARN_COMMA = YES;
				CLANG_WARN_CONSTANT_CONVERSION = YES;
				CLANG_WARN_DEPRECATED_OBJC_IMPLEMENTATIONS = YES;
				CLANG_WARN_DIRECT_OBJC_ISA_USAGE = YES_ERROR;
				CLANG_WARN_DOCUMENTATION_COMMENTS = YES;
				CLANG_WARN_EMPTY_BODY = YES;
				CLANG_WARN_ENUM_CONVERSION = YES;
				CLANG_WARN_INFINITE_RECURSION = YES;
				CLANG_WARN_INT_CONVERSION = YES;
				CLANG_WARN_NON_LITERAL_NULL_CONVERSION = YES;
				CLANG_WARN_OBJC_IMPLICIT_RETAIN_SELF = YES;
				CLANG_WARN_OBJC_LITERAL_CONVERSION = YES;
				CLANG_WARN_OBJC_ROOT_CLASS = YES_ERROR;
				CLANG_WARN_QUOTED_INCLUDE_IN_FRAMEWORK_HEADER = YES;
				CLANG_WARN_RANGE_LOOP_ANALYSIS = YES;
				CLANG_WARN_STRICT_PROTOTYPES = YES;
				CLANG_WARN_SUSPICIOUS_MOVE = YES;
				CLANG_WARN_UNGUARDED_AVAILABILITY = YES_AGGRESSIVE;
				CLANG_WARN_UNREACHABLE_CODE = YES;
				CLANG_WARN__DUPLICATE_METHOD_MATCH = YES;
				COPY_PHASE_STRIP = NO;
				DEBUG_INFORMATION_FORMAT = "dwarf-with-dsym";
				ENABLE_NS_ASSERTIONS = NO;
				ENABLE_STRICT_OBJC_MSGSEND = YES;
				GCC_C_LANGUAGE_STANDARD = gnu11;
				GCC_NO_COMMON_BLOCKS = YES;
				GCC_WARN_64_TO_32_BIT_CONVERSION = YES;
				GCC_WARN_ABOUT_RETURN_TYPE = YES_ERROR;
				GCC_WARN_UNDECLARED_SELECTOR = YES;
				GCC_WARN_UNINITIALIZED_AUTOS = YES_AGGRESSIVE;
				GCC_WARN_UNUSED_FUNCTION = YES;
				GCC_WARN_UNUSED_VARIABLE = YES;
				MACOSX_DEPLOYMENT_TARGET = 13.3;
				MTL_ENABLE_DEBUG_INFO = NO;
				MTL_FAST_MATH = YES;
				SDKROOT = macosx;
				SWIFT_COMPILATION_MODE = wholemodule;
				SWIFT_OPTIMIZATION_LEVEL = "-O";
			};
			name = Release;
		};
		BDF264712A67728E004CF995 /* Debug */ = {
			isa = XCBuildConfiguration;
			buildSettings = {
				CODE_SIGN_STYLE = Automatic;
				DEVELOPMENT_TEAM = 2W6JX5D446;
				ENABLE_HARDENED_RUNTIME = YES;
				PRODUCT_NAME = "$(TARGET_NAME)";
				SWIFT_VERSION = 5.0;
			};
			name = Debug;
		};
		BDF264722A67728E004CF995 /* Release */ = {
			isa = XCBuildConfiguration;
			buildSettings = {
				CODE_SIGN_STYLE = Automatic;
				DEVELOPMENT_TEAM = 2W6JX5D446;
				ENABLE_HARDENED_RUNTIME = YES;
				PRODUCT_NAME = "$(TARGET_NAME)";
				SWIFT_VERSION = 5.0;
			};
			name = Release;
		};
/* End XCBuildConfiguration section */

/* Begin XCConfigurationList section */
		BDF264642A67728E004CF995 /* Build configuration list for PBXProject "Spartan_Calculator" */ = {
			isa = XCConfigurationList;
			buildConfigurations = (
				BDF2646E2A67728E004CF995 /* Debug */,
				BDF2646F2A67728E004CF995 /* Release */,
			);
			defaultConfigurationIsVisible = 0;
			defaultConfigurationName = Release;
		};
		BDF264702A67728E004CF995 /* Build configuration list for PBXNativeTarget "Spartan_Calculator" */ = {
			isa = XCConfigurationList;
			buildConfigurations = (
				BDF264712A67728E004CF995 /* Debug */,
				BDF264722A67728E004CF995 /* Release */,
			);
			defaultConfigurationIsVisible = 0;
			defaultConfigurationName = Release;
		};
/* End XCConfigurationList section */
	};
	rootObject = BDF264612A67728E004CF995 /* Project object */;
}
