// !$*UTF8*$!
{
	archiveVersion = 1;
	classes = {
	};
	objectVersion = 56;
	objects = {

/* Begin PBXBuildFile section */
		BD4AA9BA2A74C97800DFD331 /* main.swift in Sources */ = {isa = PBXBuildFile; fileRef = BD4AA9B92A74C97800DFD331 /* main.swift */; };
		BD4AA9C12A74CAE200DFD331 /* Kiosk.swift in Sources */ = {isa = PBXBuildFile; fileRef = BD4AA9C02A74CAE200DFD331 /* Kiosk.swift */; };
		BD4AA9C32A74D49E00DFD331 /* Burger.swift in Sources */ = {isa = PBXBuildFile; fileRef = BD4AA9C22A74D49E00DFD331 /* Burger.swift */; };
		BD4AA9C72A74D54700DFD331 /* BurgerMenu.swift in Sources */ = {isa = PBXBuildFile; fileRef = BD4AA9C62A74D54700DFD331 /* BurgerMenu.swift */; };
		BD4AA9C92A74EBCA00DFD331 /* Custard.swift in Sources */ = {isa = PBXBuildFile; fileRef = BD4AA9C82A74EBCA00DFD331 /* Custard.swift */; };
		BD4AA9CB2A74ED1700DFD331 /* Drinks.swift in Sources */ = {isa = PBXBuildFile; fileRef = BD4AA9CA2A74ED1700DFD331 /* Drinks.swift */; };
		BD4AA9CD2A74ED1D00DFD331 /* Beer.swift in Sources */ = {isa = PBXBuildFile; fileRef = BD4AA9CC2A74ED1D00DFD331 /* Beer.swift */; };
/* End PBXBuildFile section */

/* Begin PBXCopyFilesBuildPhase section */
		BD4AA9B42A74C97800DFD331 /* CopyFiles */ = {
			isa = PBXCopyFilesBuildPhase;
			buildActionMask = 2147483647;
			dstPath = /usr/share/man/man1/;
			dstSubfolderSpec = 0;
			files = (
			);
			runOnlyForDeploymentPostprocessing = 1;
		};
/* End PBXCopyFilesBuildPhase section */

/* Begin PBXFileReference section */
		BD4AA9B62A74C97800DFD331 /* SpartaCodingClub_Kiosk_Personal */ = {isa = PBXFileReference; explicitFileType = "compiled.mach-o.executable"; includeInIndex = 0; path = SpartaCodingClub_Kiosk_Personal; sourceTree = BUILT_PRODUCTS_DIR; };
		BD4AA9B92A74C97800DFD331 /* main.swift */ = {isa = PBXFileReference; lastKnownFileType = sourcecode.swift; path = main.swift; sourceTree = "<group>"; };
		BD4AA9C02A74CAE200DFD331 /* Kiosk.swift */ = {isa = PBXFileReference; lastKnownFileType = sourcecode.swift; path = Kiosk.swift; sourceTree = "<group>"; };
		BD4AA9C22A74D49E00DFD331 /* Burger.swift */ = {isa = PBXFileReference; lastKnownFileType = sourcecode.swift; path = Burger.swift; sourceTree = "<group>"; };
		BD4AA9C62A74D54700DFD331 /* BurgerMenu.swift */ = {isa = PBXFileReference; lastKnownFileType = sourcecode.swift; path = BurgerMenu.swift; sourceTree = "<group>"; };
		BD4AA9C82A74EBCA00DFD331 /* Custard.swift */ = {isa = PBXFileReference; lastKnownFileType = sourcecode.swift; path = Custard.swift; sourceTree = "<group>"; };
		BD4AA9CA2A74ED1700DFD331 /* Drinks.swift */ = {isa = PBXFileReference; lastKnownFileType = sourcecode.swift; path = Drinks.swift; sourceTree = "<group>"; };
		BD4AA9CC2A74ED1D00DFD331 /* Beer.swift */ = {isa = PBXFileReference; lastKnownFileType = sourcecode.swift; path = Beer.swift; sourceTree = "<group>"; };
/* End PBXFileReference section */

/* Begin PBXFrameworksBuildPhase section */
		BD4AA9B32A74C97800DFD331 /* Frameworks */ = {
			isa = PBXFrameworksBuildPhase;
			buildActionMask = 2147483647;
			files = (
			);
			runOnlyForDeploymentPostprocessing = 0;
		};
/* End PBXFrameworksBuildPhase section */

/* Begin PBXGroup section */
		BD4AA9AD2A74C97800DFD331 = {
			isa = PBXGroup;
			children = (
				BD4AA9B82A74C97800DFD331 /* SpartaCodingClub_Kiosk_Personal */,
				BD4AA9B72A74C97800DFD331 /* Products */,
			);
			sourceTree = "<group>";
		};
		BD4AA9B72A74C97800DFD331 /* Products */ = {
			isa = PBXGroup;
			children = (
				BD4AA9B62A74C97800DFD331 /* SpartaCodingClub_Kiosk_Personal */,
			);
			name = Products;
			sourceTree = "<group>";
		};
		BD4AA9B82A74C97800DFD331 /* SpartaCodingClub_Kiosk_Personal */ = {
			isa = PBXGroup;
			children = (
				BD4AA9B92A74C97800DFD331 /* main.swift */,
				BD4AA9C02A74CAE200DFD331 /* Kiosk.swift */,
				BD4AA9C52A74D53A00DFD331 /* Menu */,
				BD4AA9C42A74D4C000DFD331 /* Food */,
			);
			path = SpartaCodingClub_Kiosk_Personal;
			sourceTree = "<group>";
		};
		BD4AA9C42A74D4C000DFD331 /* Food */ = {
			isa = PBXGroup;
			children = (
				BD4AA9C22A74D49E00DFD331 /* Burger.swift */,
				BD4AA9C82A74EBCA00DFD331 /* Custard.swift */,
				BD4AA9CA2A74ED1700DFD331 /* Drinks.swift */,
				BD4AA9CC2A74ED1D00DFD331 /* Beer.swift */,
			);
			path = Food;
			sourceTree = "<group>";
		};
		BD4AA9C52A74D53A00DFD331 /* Menu */ = {
			isa = PBXGroup;
			children = (
				BD4AA9C62A74D54700DFD331 /* BurgerMenu.swift */,
			);
			path = Menu;
			sourceTree = "<group>";
		};
/* End PBXGroup section */

/* Begin PBXNativeTarget section */
		BD4AA9B52A74C97800DFD331 /* SpartaCodingClub_Kiosk_Personal */ = {
			isa = PBXNativeTarget;
			buildConfigurationList = BD4AA9BD2A74C97800DFD331 /* Build configuration list for PBXNativeTarget "SpartaCodingClub_Kiosk_Personal" */;
			buildPhases = (
				BD4AA9B22A74C97800DFD331 /* Sources */,
				BD4AA9B32A74C97800DFD331 /* Frameworks */,
				BD4AA9B42A74C97800DFD331 /* CopyFiles */,
			);
			buildRules = (
			);
			dependencies = (
			);
			name = SpartaCodingClub_Kiosk_Personal;
			productName = SpartaCodingClub_Kiosk_Personal;
			productReference = BD4AA9B62A74C97800DFD331 /* SpartaCodingClub_Kiosk_Personal */;
			productType = "com.apple.product-type.tool";
		};
/* End PBXNativeTarget section */

/* Begin PBXProject section */
		BD4AA9AE2A74C97800DFD331 /* Project object */ = {
			isa = PBXProject;
			attributes = {
				BuildIndependentTargetsInParallel = 1;
				LastSwiftUpdateCheck = 1430;
				LastUpgradeCheck = 1430;
				TargetAttributes = {
					BD4AA9B52A74C97800DFD331 = {
						CreatedOnToolsVersion = 14.3;
					};
				};
			};
			buildConfigurationList = BD4AA9B12A74C97800DFD331 /* Build configuration list for PBXProject "SpartaCodingClub_Kiosk_Personal" */;
			compatibilityVersion = "Xcode 14.0";
			developmentRegion = en;
			hasScannedForEncodings = 0;
			knownRegions = (
				en,
				Base,
			);
			mainGroup = BD4AA9AD2A74C97800DFD331;
			productRefGroup = BD4AA9B72A74C97800DFD331 /* Products */;
			projectDirPath = "";
			projectRoot = "";
			targets = (
				BD4AA9B52A74C97800DFD331 /* SpartaCodingClub_Kiosk_Personal */,
			);
		};
/* End PBXProject section */

/* Begin PBXSourcesBuildPhase section */
		BD4AA9B22A74C97800DFD331 /* Sources */ = {
			isa = PBXSourcesBuildPhase;
			buildActionMask = 2147483647;
			files = (
				BD4AA9CB2A74ED1700DFD331 /* Drinks.swift in Sources */,
				BD4AA9C32A74D49E00DFD331 /* Burger.swift in Sources */,
				BD4AA9C92A74EBCA00DFD331 /* Custard.swift in Sources */,
				BD4AA9BA2A74C97800DFD331 /* main.swift in Sources */,
				BD4AA9C12A74CAE200DFD331 /* Kiosk.swift in Sources */,
				BD4AA9CD2A74ED1D00DFD331 /* Beer.swift in Sources */,
				BD4AA9C72A74D54700DFD331 /* BurgerMenu.swift in Sources */,
			);
			runOnlyForDeploymentPostprocessing = 0;
		};
/* End PBXSourcesBuildPhase section */

/* Begin XCBuildConfiguration section */
		BD4AA9BB2A74C97800DFD331 /* Debug */ = {
			isa = XCBuildConfiguration;
			buildSettings = {
				ALWAYS_SEARCH_USER_PATHS = NO;
				CLANG_ANALYZER_NONNULL = YES;
				CLANG_ANALYZER_NUMBER_OBJECT_CONVERSION = YES_AGGRESSIVE;
				CLANG_CXX_LANGUAGE_STANDARD = "gnu++20";
				CLANG_ENABLE_MODULES = YES;
				CLANG_ENABLE_OBJC_ARC = YES;
				CLANG_ENABLE_OBJC_WEAK = YES;
				CLANG_WARN_BLOCK_CAPTURE_AUTORELEASING = YES;
				CLANG_WARN_BOOL_CONVERSION = YES;
				CLANG_WARN_COMMA = YES;
				CLANG_WARN_CONSTANT_CONVERSION = YES;
				CLANG_WARN_DEPRECATED_OBJC_IMPLEMENTATIONS = YES;
				CLANG_WARN_DIRECT_OBJC_ISA_USAGE = YES_ERROR;
				CLANG_WARN_DOCUMENTATION_COMMENTS = YES;
				CLANG_WARN_EMPTY_BODY = YES;
				CLANG_WARN_ENUM_CONVERSION = YES;
				CLANG_WARN_INFINITE_RECURSION = YES;
				CLANG_WARN_INT_CONVERSION = YES;
				CLANG_WARN_NON_LITERAL_NULL_CONVERSION = YES;
				CLANG_WARN_OBJC_IMPLICIT_RETAIN_SELF = YES;
				CLANG_WARN_OBJC_LITERAL_CONVERSION = YES;
				CLANG_WARN_OBJC_ROOT_CLASS = YES_ERROR;
				CLANG_WARN_QUOTED_INCLUDE_IN_FRAMEWORK_HEADER = YES;
				CLANG_WARN_RANGE_LOOP_ANALYSIS = YES;
				CLANG_WARN_STRICT_PROTOTYPES = YES;
				CLANG_WARN_SUSPICIOUS_MOVE = YES;
				CLANG_WARN_UNGUARDED_AVAILABILITY = YES_AGGRESSIVE;
				CLANG_WARN_UNREACHABLE_CODE = YES;
				CLANG_WARN__DUPLICATE_METHOD_MATCH = YES;
				COPY_PHASE_STRIP = NO;
				DEBUG_INFORMATION_FORMAT = dwarf;
				ENABLE_STRICT_OBJC_MSGSEND = YES;
				ENABLE_TESTABILITY = YES;
				GCC_C_LANGUAGE_STANDARD = gnu11;
				GCC_DYNAMIC_NO_PIC = NO;
				GCC_NO_COMMON_BLOCKS = YES;
				GCC_OPTIMIZATION_LEVEL = 0;
				GCC_PREPROCESSOR_DEFINITIONS = (
					"DEBUG=1",
					"$(inherited)",
				);
				GCC_WARN_64_TO_32_BIT_CONVERSION = YES;
				GCC_WARN_ABOUT_RETURN_TYPE = YES_ERROR;
				GCC_WARN_UNDECLARED_SELECTOR = YES;
				GCC_WARN_UNINITIALIZED_AUTOS = YES_AGGRESSIVE;
				GCC_WARN_UNUSED_FUNCTION = YES;
				GCC_WARN_UNUSED_VARIABLE = YES;
				MACOSX_DEPLOYMENT_TARGET = 13.3;
				MTL_ENABLE_DEBUG_INFO = INCLUDE_SOURCE;
				MTL_FAST_MATH = YES;
				ONLY_ACTIVE_ARCH = YES;
				SDKROOT = macosx;
				SWIFT_ACTIVE_COMPILATION_CONDITIONS = DEBUG;
				SWIFT_OPTIMIZATION_LEVEL = "-Onone";
			};
			name = Debug;
		};
		BD4AA9BC2A74C97800DFD331 /* Release */ = {
			isa = XCBuildConfiguration;
			buildSettings = {
				ALWAYS_SEARCH_USER_PATHS = NO;
				CLANG_ANALYZER_NONNULL = YES;
				CLANG_ANALYZER_NUMBER_OBJECT_CONVERSION = YES_AGGRESSIVE;
				CLANG_CXX_LANGUAGE_STANDARD = "gnu++20";
				CLANG_ENABLE_MODULES = YES;
				CLANG_ENABLE_OBJC_ARC = YES;
				CLANG_ENABLE_OBJC_WEAK = YES;
				CLANG_WARN_BLOCK_CAPTURE_AUTORELEASING = YES;
				CLANG_WARN_BOOL_CONVERSION = YES;
				CLANG_WARN_COMMA = YES;
				CLANG_WARN_CONSTANT_CONVERSION = YES;
				CLANG_WARN_DEPRECATED_OBJC_IMPLEMENTATIONS = YES;
				CLANG_WARN_DIRECT_OBJC_ISA_USAGE = YES_ERROR;
				CLANG_WARN_DOCUMENTATION_COMMENTS = YES;
				CLANG_WARN_EMPTY_BODY = YES;
				CLANG_WARN_ENUM_CONVERSION = YES;
				CLANG_WARN_INFINITE_RECURSION = YES;
				CLANG_WARN_INT_CONVERSION = YES;
				CLANG_WARN_NON_LITERAL_NULL_CONVERSION = YES;
				CLANG_WARN_OBJC_IMPLICIT_RETAIN_SELF = YES;
				CLANG_WARN_OBJC_LITERAL_CONVERSION = YES;
				CLANG_WARN_OBJC_ROOT_CLASS = YES_ERROR;
				CLANG_WARN_QUOTED_INCLUDE_IN_FRAMEWORK_HEADER = YES;
				CLANG_WARN_RANGE_LOOP_ANALYSIS = YES;
				CLANG_WARN_STRICT_PROTOTYPES = YES;
				CLANG_WARN_SUSPICIOUS_MOVE = YES;
				CLANG_WARN_UNGUARDED_AVAILABILITY = YES_AGGRESSIVE;
				CLANG_WARN_UNREACHABLE_CODE = YES;
				CLANG_WARN__DUPLICATE_METHOD_MATCH = YES;
				COPY_PHASE_STRIP = NO;
				DEBUG_INFORMATION_FORMAT = "dwarf-with-dsym";
				ENABLE_NS_ASSERTIONS = NO;
				ENABLE_STRICT_OBJC_MSGSEND = YES;
				GCC_C_LANGUAGE_STANDARD = gnu11;
				GCC_NO_COMMON_BLOCKS = YES;
				GCC_WARN_64_TO_32_BIT_CONVERSION = YES;
				GCC_WARN_ABOUT_RETURN_TYPE = YES_ERROR;
				GCC_WARN_UNDECLARED_SELECTOR = YES;
				GCC_WARN_UNINITIALIZED_AUTOS = YES_AGGRESSIVE;
				GCC_WARN_UNUSED_FUNCTION = YES;
				GCC_WARN_UNUSED_VARIABLE = YES;
				MACOSX_DEPLOYMENT_TARGET = 13.3;
				MTL_ENABLE_DEBUG_INFO = NO;
				MTL_FAST_MATH = YES;
				SDKROOT = macosx;
				SWIFT_COMPILATION_MODE = wholemodule;
				SWIFT_OPTIMIZATION_LEVEL = "-O";
			};
			name = Release;
		};
		BD4AA9BE2A74C97800DFD331 /* Debug */ = {
			isa = XCBuildConfiguration;
			buildSettings = {
				CODE_SIGN_STYLE = Automatic;
				DEVELOPMENT_TEAM = 2W6JX5D446;
				ENABLE_HARDENED_RUNTIME = YES;
				PRODUCT_NAME = "$(TARGET_NAME)";
				SWIFT_VERSION = 5.0;
			};
			name = Debug;
		};
		BD4AA9BF2A74C97800DFD331 /* Release */ = {
			isa = XCBuildConfiguration;
			buildSettings = {
				CODE_SIGN_STYLE = Automatic;
				DEVELOPMENT_TEAM = 2W6JX5D446;
				ENABLE_HARDENED_RUNTIME = YES;
				PRODUCT_NAME = "$(TARGET_NAME)";
				SWIFT_VERSION = 5.0;
			};
			name = Release;
		};
/* End XCBuildConfiguration section */

/* Begin XCConfigurationList section */
		BD4AA9B12A74C97800DFD331 /* Build configuration list for PBXProject "SpartaCodingClub_Kiosk_Personal" */ = {
			isa = XCConfigurationList;
			buildConfigurations = (
				BD4AA9BB2A74C97800DFD331 /* Debug */,
				BD4AA9BC2A74C97800DFD331 /* Release */,
			);
			defaultConfigurationIsVisible = 0;
			defaultConfigurationName = Release;
		};
		BD4AA9BD2A74C97800DFD331 /* Build configuration list for PBXNativeTarget "SpartaCodingClub_Kiosk_Personal" */ = {
			isa = XCConfigurationList;
			buildConfigurations = (
				BD4AA9BE2A74C97800DFD331 /* Debug */,
				BD4AA9BF2A74C97800DFD331 /* Release */,
			);
			defaultConfigurationIsVisible = 0;
			defaultConfigurationName = Release;
		};
/* End XCConfigurationList section */
	};
	rootObject = BD4AA9AE2A74C97800DFD331 /* Project object */;
}
